
Microsoft Visual Studio Solution File, Format Version 12.00
# Visual Studio Version 17
VisualStudioVersion = 17.5.33516.290
MinimumVisualStudioVersion = 10.0.40219.1
Project("{9A19103F-16F7-4668-BE54-9A1E7A4F7556}") = "Bekerites", "Bekerites\Bekerites.csproj", "{46D315D2-6C14-40D2-A986-ECB86EB0FD22}"
EndProject
Project("{FAE04EC0-301F-11D3-BF4B-00C04F79EFBC}") = "BekeritesTest", "BekeritesTest\BekeritesTest.csproj", "{79C400A3-C16C-4F2C-94B1-71E003C05E9D}"
EndProject
Global
	GlobalSection(SolutionConfigurationPlatforms) = preSolution
		Debug|Any CPU = Debug|Any CPU
		Release|Any CPU = Release|Any CPU
	EndGlobalSection
	GlobalSection(ProjectConfigurationPlatforms) = postSolution
		{46D315D2-6C14-40D2-A986-ECB86EB0FD22}.Debug|Any CPU.ActiveCfg = Debug|Any CPU
		{46D315D2-6C14-40D2-A986-ECB86EB0FD22}.Debug|Any CPU.Build.0 = Debug|Any CPU
		{46D315D2-6C14-40D2-A986-ECB86EB0FD22}.Release|Any CPU.ActiveCfg = Release|Any CPU
		{46D315D2-6C14-40D2-A986-ECB86EB0FD22}.Release|Any CPU.Build.0 = Release|Any CPU
		{79C400A3-C16C-4F2C-94B1-71E003C05E9D}.Debug|Any CPU.ActiveCfg = Debug|Any CPU
		{79C400A3-C16C-4F2C-94B1-71E003C05E9D}.Debug|Any CPU.Build.0 = Debug|Any CPU
		{79C400A3-C16C-4F2C-94B1-71E003C05E9D}.Release|Any CPU.ActiveCfg = Release|Any CPU
		{79C400A3-C16C-4F2C-94B1-71E003C05E9D}.Release|Any CPU.Build.0 = Release|Any CPU
	EndGlobalSection
	GlobalSection(SolutionProperties) = preSolution
		HideSolutionNode = FALSE
	EndGlobalSection
	GlobalSection(ExtensibilityGlobals) = postSolution
		SolutionGuid = {F29B7C7D-0F78-4326-B4EE-35B11159D7D4}
	EndGlobalSection
EndGlobal
